// !$*UTF8*$!
{
	archiveVersion = 1;
	classes = {
	};
	objectVersion = 46;
	objects = {

/* Begin PBXBuildFile section */
		897074F71C172063005A4A33 /* Bool.swift in Sources */ = {isa = PBXBuildFile; fileRef = 897074F61C172063005A4A33 /* Bool.swift */; };
		897476761C1CF5B000D53697 /* RealmTestController.swift in Sources */ = {isa = PBXBuildFile; fileRef = 897476751C1CF5B000D53697 /* RealmTestController.swift */; };
		89A4FA2F1C1727C700DFC1CE /* CFDemoA.storyboard in Resources */ = {isa = PBXBuildFile; fileRef = 89A4FA2E1C1727C700DFC1CE /* CFDemoA.storyboard */; };
		89A4FA311C1727E500DFC1CE /* BridgeOcController.swift in Sources */ = {isa = PBXBuildFile; fileRef = 89A4FA301C1727E500DFC1CE /* BridgeOcController.swift */; };
		89A4FA351C17280E00DFC1CE /* MyOcClass.m in Sources */ = {isa = PBXBuildFile; fileRef = 89A4FA341C17280E00DFC1CE /* MyOcClass.m */; };
		89C27F351B5C84F7002733C0 /* Default-568h@2x.png in Resources */ = {isa = PBXBuildFile; fileRef = 89C27F341B5C84F7002733C0 /* Default-568h@2x.png */; };
		89C27F371B5C8766002733C0 /* SplashLogo.png in Resources */ = {isa = PBXBuildFile; fileRef = 89C27F361B5C8766002733C0 /* SplashLogo.png */; };
		89C27F391B5C88CC002733C0 /* DemoViewController.swift in Sources */ = {isa = PBXBuildFile; fileRef = 89C27F381B5C88CC002733C0 /* DemoViewController.swift */; };
		89C27F3B1B5C8A24002733C0 /* DemoConst.swift in Sources */ = {isa = PBXBuildFile; fileRef = 89C27F3A1B5C8A24002733C0 /* DemoConst.swift */; };
		89D616851B7C9AC600EC4AD7 /* IBDesignableDemoViewController.swift in Sources */ = {isa = PBXBuildFile; fileRef = 89D616841B7C9AC600EC4AD7 /* IBDesignableDemoViewController.swift */; };
		89D616871B7C9B3100EC4AD7 /* UIKItDemoA.storyboard in Resources */ = {isa = PBXBuildFile; fileRef = 89D616861B7C9B3100EC4AD7 /* UIKItDemoA.storyboard */; };
		89D6168E1B7DC92C00EC4AD7 /* UIView+IBInspectable.swift in Sources */ = {isa = PBXBuildFile; fileRef = 89D6168D1B7DC92C00EC4AD7 /* UIView+IBInspectable.swift */; };
		89D616901B7DC99200EC4AD7 /* Int.swift in Sources */ = {isa = PBXBuildFile; fileRef = 89D6168F1B7DC99200EC4AD7 /* Int.swift */; };
		89D616921B7DCB1900EC4AD7 /* Double.swift in Sources */ = {isa = PBXBuildFile; fileRef = 89D616911B7DCB1900EC4AD7 /* Double.swift */; };
		89EB31EE1B5A568500854BCC /* AppDelegate.swift in Sources */ = {isa = PBXBuildFile; fileRef = 89EB31ED1B5A568500854BCC /* AppDelegate.swift */; };
		89EB31F01B5A568500854BCC /* ViewController.swift in Sources */ = {isa = PBXBuildFile; fileRef = 89EB31EF1B5A568500854BCC /* ViewController.swift */; };
		89EB31F31B5A568500854BCC /* Main.storyboard in Resources */ = {isa = PBXBuildFile; fileRef = 89EB31F11B5A568500854BCC /* Main.storyboard */; };
		89EB31F51B5A568500854BCC /* Assets.xcassets in Resources */ = {isa = PBXBuildFile; fileRef = 89EB31F41B5A568500854BCC /* Assets.xcassets */; };
		89EB31F81B5A568500854BCC /* LaunchScreen.storyboard in Resources */ = {isa = PBXBuildFile; fileRef = 89EB31F61B5A568500854BCC /* LaunchScreen.storyboard */; };
		89EB32031B5A568600854BCC /* KungFu_SwiftTests.swift in Sources */ = {isa = PBXBuildFile; fileRef = 89EB32021B5A568600854BCC /* KungFu_SwiftTests.swift */; };
		89EB320E1B5A568600854BCC /* KungFu_SwiftUITests.swift in Sources */ = {isa = PBXBuildFile; fileRef = 89EB320D1B5A568600854BCC /* KungFu_SwiftUITests.swift */; };
		94E3D1BBF5A2AD898FF3FE01 /* Pods_KungFu_Swift.framework in Frameworks */ = {isa = PBXBuildFile; fileRef = 71CE4DD863A1ABCE14A2F2A3 /* Pods_KungFu_Swift.framework */; };
/* End PBXBuildFile section */

/* Begin PBXContainerItemProxy section */
		89EB31FF1B5A568600854BCC /* PBXContainerItemProxy */ = {
			isa = PBXContainerItemProxy;
			containerPortal = 89EB31E21B5A568500854BCC /* Project object */;
			proxyType = 1;
			remoteGlobalIDString = 89EB31E91B5A568500854BCC;
			remoteInfo = KungFu_Swift;
		};
		89EB320A1B5A568600854BCC /* PBXContainerItemProxy */ = {
			isa = PBXContainerItemProxy;
			containerPortal = 89EB31E21B5A568500854BCC /* Project object */;
			proxyType = 1;
			remoteGlobalIDString = 89EB31E91B5A568500854BCC;
			remoteInfo = KungFu_Swift;
		};
/* End PBXContainerItemProxy section */

/* Begin PBXFileReference section */
		0F95E0831DFE27D088221EF3 /* Pods-KungFu_Swift.debug.xcconfig */ = {isa = PBXFileReference; includeInIndex = 1; lastKnownFileType = text.xcconfig; name = "Pods-KungFu_Swift.debug.xcconfig"; path = "Pods/Target Support Files/Pods-KungFu_Swift/Pods-KungFu_Swift.debug.xcconfig"; sourceTree = "<group>"; };
		71CE4DD863A1ABCE14A2F2A3 /* Pods_KungFu_Swift.framework */ = {isa = PBXFileReference; explicitFileType = wrapper.framework; includeInIndex = 0; path = Pods_KungFu_Swift.framework; sourceTree = BUILT_PRODUCTS_DIR; };
		897074F61C172063005A4A33 /* Bool.swift */ = {isa = PBXFileReference; fileEncoding = 4; lastKnownFileType = sourcecode.swift; path = Bool.swift; sourceTree = "<group>"; };
		897476751C1CF5B000D53697 /* RealmTestController.swift */ = {isa = PBXFileReference; fileEncoding = 4; lastKnownFileType = sourcecode.swift; path = RealmTestController.swift; sourceTree = "<group>"; };
		89A4FA2E1C1727C700DFC1CE /* CFDemoA.storyboard */ = {isa = PBXFileReference; fileEncoding = 4; lastKnownFileType = file.storyboard; path = CFDemoA.storyboard; sourceTree = "<group>"; };
		89A4FA301C1727E500DFC1CE /* BridgeOcController.swift */ = {isa = PBXFileReference; fileEncoding = 4; lastKnownFileType = sourcecode.swift; path = BridgeOcController.swift; sourceTree = "<group>"; };
		89A4FA321C17280E00DFC1CE /* KungFu_Swift-Bridging-Header.h */ = {isa = PBXFileReference; lastKnownFileType = sourcecode.c.h; path = "KungFu_Swift-Bridging-Header.h"; sourceTree = "<group>"; };
		89A4FA331C17280E00DFC1CE /* MyOcClass.h */ = {isa = PBXFileReference; fileEncoding = 4; lastKnownFileType = sourcecode.c.h; path = MyOcClass.h; sourceTree = "<group>"; };
		89A4FA341C17280E00DFC1CE /* MyOcClass.m */ = {isa = PBXFileReference; fileEncoding = 4; lastKnownFileType = sourcecode.c.objc; path = MyOcClass.m; sourceTree = "<group>"; };
		89C27F341B5C84F7002733C0 /* Default-568h@2x.png */ = {isa = PBXFileReference; lastKnownFileType = image.png; path = "Default-568h@2x.png"; sourceTree = "<group>"; };
		89C27F361B5C8766002733C0 /* SplashLogo.png */ = {isa = PBXFileReference; lastKnownFileType = image.png; path = SplashLogo.png; sourceTree = "<group>"; };
		89C27F381B5C88CC002733C0 /* DemoViewController.swift */ = {isa = PBXFileReference; fileEncoding = 4; lastKnownFileType = sourcecode.swift; path = DemoViewController.swift; sourceTree = "<group>"; };
		89C27F3A1B5C8A24002733C0 /* DemoConst.swift */ = {isa = PBXFileReference; fileEncoding = 4; lastKnownFileType = sourcecode.swift; path = DemoConst.swift; sourceTree = "<group>"; };
		89D616841B7C9AC600EC4AD7 /* IBDesignableDemoViewController.swift */ = {isa = PBXFileReference; fileEncoding = 4; lastKnownFileType = sourcecode.swift; path = IBDesignableDemoViewController.swift; sourceTree = "<group>"; };
		89D616861B7C9B3100EC4AD7 /* UIKItDemoA.storyboard */ = {isa = PBXFileReference; fileEncoding = 4; lastKnownFileType = file.storyboard; path = UIKItDemoA.storyboard; sourceTree = "<group>"; };
		89D6168D1B7DC92C00EC4AD7 /* UIView+IBInspectable.swift */ = {isa = PBXFileReference; fileEncoding = 4; lastKnownFileType = sourcecode.swift; path = "UIView+IBInspectable.swift"; sourceTree = "<group>"; };
		89D6168F1B7DC99200EC4AD7 /* Int.swift */ = {isa = PBXFileReference; fileEncoding = 4; lastKnownFileType = sourcecode.swift; path = Int.swift; sourceTree = "<group>"; };
		89D616911B7DCB1900EC4AD7 /* Double.swift */ = {isa = PBXFileReference; fileEncoding = 4; lastKnownFileType = sourcecode.swift; path = Double.swift; sourceTree = "<group>"; };
		89EB31EA1B5A568500854BCC /* KungFu_Swift.app */ = {isa = PBXFileReference; explicitFileType = wrapper.application; includeInIndex = 0; path = KungFu_Swift.app; sourceTree = BUILT_PRODUCTS_DIR; };
		89EB31ED1B5A568500854BCC /* AppDelegate.swift */ = {isa = PBXFileReference; lastKnownFileType = sourcecode.swift; path = AppDelegate.swift; sourceTree = "<group>"; };
		89EB31EF1B5A568500854BCC /* ViewController.swift */ = {isa = PBXFileReference; lastKnownFileType = sourcecode.swift; path = ViewController.swift; sourceTree = "<group>"; };
		89EB31F21B5A568500854BCC /* Base */ = {isa = PBXFileReference; lastKnownFileType = file.storyboard; name = Base; path = Base.lproj/Main.storyboard; sourceTree = "<group>"; };
		89EB31F41B5A568500854BCC /* Assets.xcassets */ = {isa = PBXFileReference; lastKnownFileType = folder.assetcatalog; path = Assets.xcassets; sourceTree = "<group>"; };
		89EB31F71B5A568500854BCC /* Base */ = {isa = PBXFileReference; lastKnownFileType = file.storyboard; name = Base; path = Base.lproj/LaunchScreen.storyboard; sourceTree = "<group>"; };
		89EB31F91B5A568500854BCC /* Info.plist */ = {isa = PBXFileReference; lastKnownFileType = text.plist.xml; path = Info.plist; sourceTree = "<group>"; };
		89EB31FE1B5A568600854BCC /* KungFu_SwiftTests.xctest */ = {isa = PBXFileReference; explicitFileType = wrapper.cfbundle; includeInIndex = 0; path = KungFu_SwiftTests.xctest; sourceTree = BUILT_PRODUCTS_DIR; };
		89EB32021B5A568600854BCC /* KungFu_SwiftTests.swift */ = {isa = PBXFileReference; lastKnownFileType = sourcecode.swift; path = KungFu_SwiftTests.swift; sourceTree = "<group>"; };
		89EB32041B5A568600854BCC /* Info.plist */ = {isa = PBXFileReference; lastKnownFileType = text.plist.xml; path = Info.plist; sourceTree = "<group>"; };
		89EB32091B5A568600854BCC /* KungFu_SwiftUITests.xctest */ = {isa = PBXFileReference; explicitFileType = wrapper.cfbundle; includeInIndex = 0; path = KungFu_SwiftUITests.xctest; sourceTree = BUILT_PRODUCTS_DIR; };
		89EB320D1B5A568600854BCC /* KungFu_SwiftUITests.swift */ = {isa = PBXFileReference; lastKnownFileType = sourcecode.swift; path = KungFu_SwiftUITests.swift; sourceTree = "<group>"; };
		89EB320F1B5A568600854BCC /* Info.plist */ = {isa = PBXFileReference; lastKnownFileType = text.plist.xml; path = Info.plist; sourceTree = "<group>"; };
		9A6A7A9AE537B8FB225FB990 /* Pods-KungFu_Swift.release.xcconfig */ = {isa = PBXFileReference; includeInIndex = 1; lastKnownFileType = text.xcconfig; name = "Pods-KungFu_Swift.release.xcconfig"; path = "Pods/Target Support Files/Pods-KungFu_Swift/Pods-KungFu_Swift.release.xcconfig"; sourceTree = "<group>"; };
/* End PBXFileReference section */

/* Begin PBXFrameworksBuildPhase section */
		89EB31E71B5A568500854BCC /* Frameworks */ = {
			isa = PBXFrameworksBuildPhase;
			buildActionMask = 2147483647;
			files = (
				94E3D1BBF5A2AD898FF3FE01 /* Pods_KungFu_Swift.framework in Frameworks */,
			);
			runOnlyForDeploymentPostprocessing = 0;
		};
		89EB31FB1B5A568600854BCC /* Frameworks */ = {
			isa = PBXFrameworksBuildPhase;
			buildActionMask = 2147483647;
			files = (
			);
			runOnlyForDeploymentPostprocessing = 0;
		};
		89EB32061B5A568600854BCC /* Frameworks */ = {
			isa = PBXFrameworksBuildPhase;
			buildActionMask = 2147483647;
			files = (
			);
			runOnlyForDeploymentPostprocessing = 0;
		};
/* End PBXFrameworksBuildPhase section */

/* Begin PBXGroup section */
		046A142325FDC964BE32FDA7 /* Pods */ = {
			isa = PBXGroup;
			children = (
				0F95E0831DFE27D088221EF3 /* Pods-KungFu_Swift.debug.xcconfig */,
				9A6A7A9AE537B8FB225FB990 /* Pods-KungFu_Swift.release.xcconfig */,
			);
			name = Pods;
			sourceTree = "<group>";
		};
		89A4FA2D1C17278100DFC1CE /* CoreFoundation */ = {
			isa = PBXGroup;
			children = (
				89A4FA2E1C1727C700DFC1CE /* CFDemoA.storyboard */,
				89A4FA301C1727E500DFC1CE /* BridgeOcController.swift */,
				89A4FA331C17280E00DFC1CE /* MyOcClass.h */,
				89A4FA341C17280E00DFC1CE /* MyOcClass.m */,
				89A4FA321C17280E00DFC1CE /* KungFu_Swift-Bridging-Header.h */,
				897476751C1CF5B000D53697 /* RealmTestController.swift */,
			);
			path = CoreFoundation;
			sourceTree = "<group>";
		};
		89C27F331B5C84D6002733C0 /* Resources */ = {
			isa = PBXGroup;
			children = (
				89C27F361B5C8766002733C0 /* SplashLogo.png */,
				89C27F341B5C84F7002733C0 /* Default-568h@2x.png */,
			);
			name = Resources;
			sourceTree = "<group>";
		};
		89D616831B7C9A9500EC4AD7 /* UIKit */ = {
			isa = PBXGroup;
			children = (
				89D616841B7C9AC600EC4AD7 /* IBDesignableDemoViewController.swift */,
				89D616861B7C9B3100EC4AD7 /* UIKItDemoA.storyboard */,
			);
			path = UIKit;
			sourceTree = "<group>";
		};
		89D616881B7C9D0E00EC4AD7 /* ShoeboxKit */ = {
			isa = PBXGroup;
			children = (
				89D6168B1B7DC92C00EC4AD7 /* Foundation */,
				89D6168C1B7DC92C00EC4AD7 /* UIKit */,
			);
			path = ShoeboxKit;
			sourceTree = "<group>";
		};
		89D6168B1B7DC92C00EC4AD7 /* Foundation */ = {
			isa = PBXGroup;
			children = (
				89D6168F1B7DC99200EC4AD7 /* Int.swift */,
				89D616911B7DCB1900EC4AD7 /* Double.swift */,
				897074F61C172063005A4A33 /* Bool.swift */,
			);
			path = Foundation;
			sourceTree = "<group>";
		};
		89D6168C1B7DC92C00EC4AD7 /* UIKit */ = {
			isa = PBXGroup;
			children = (
				89D6168D1B7DC92C00EC4AD7 /* UIView+IBInspectable.swift */,
			);
			path = UIKit;
			sourceTree = "<group>";
		};
		89EB31E11B5A568400854BCC = {
			isa = PBXGroup;
			children = (
				89EB31EC1B5A568500854BCC /* KungFu_Swift */,
				89EB32011B5A568600854BCC /* KungFu_SwiftTests */,
				89EB320C1B5A568600854BCC /* KungFu_SwiftUITests */,
				89EB31EB1B5A568500854BCC /* Products */,
				046A142325FDC964BE32FDA7 /* Pods */,
				D21DDF20BEB908E86C8AB22F /* Frameworks */,
			);
			sourceTree = "<group>";
		};
		89EB31EB1B5A568500854BCC /* Products */ = {
			isa = PBXGroup;
			children = (
				89EB31EA1B5A568500854BCC /* KungFu_Swift.app */,
				89EB31FE1B5A568600854BCC /* KungFu_SwiftTests.xctest */,
				89EB32091B5A568600854BCC /* KungFu_SwiftUITests.xctest */,
			);
			name = Products;
			sourceTree = "<group>";
		};
		89EB31EC1B5A568500854BCC /* KungFu_Swift */ = {
			isa = PBXGroup;
			children = (
				89EB31ED1B5A568500854BCC /* AppDelegate.swift */,
				89EB31EF1B5A568500854BCC /* ViewController.swift */,
				89C27F381B5C88CC002733C0 /* DemoViewController.swift */,
				89C27F3A1B5C8A24002733C0 /* DemoConst.swift */,
				89EB31F41B5A568500854BCC /* Assets.xcassets */,
				89EB31F11B5A568500854BCC /* Main.storyboard */,
				89EB31F61B5A568500854BCC /* LaunchScreen.storyboard */,
				89EB31F91B5A568500854BCC /* Info.plist */,
				89D616881B7C9D0E00EC4AD7 /* ShoeboxKit */,
				89D616831B7C9A9500EC4AD7 /* UIKit */,
				89A4FA2D1C17278100DFC1CE /* CoreFoundation */,
				89C27F331B5C84D6002733C0 /* Resources */,
			);
			path = KungFu_Swift;
			sourceTree = "<group>";
		};
		89EB32011B5A568600854BCC /* KungFu_SwiftTests */ = {
			isa = PBXGroup;
			children = (
				89EB32021B5A568600854BCC /* KungFu_SwiftTests.swift */,
				89EB32041B5A568600854BCC /* Info.plist */,
			);
			path = KungFu_SwiftTests;
			sourceTree = "<group>";
		};
		89EB320C1B5A568600854BCC /* KungFu_SwiftUITests */ = {
			isa = PBXGroup;
			children = (
				89EB320D1B5A568600854BCC /* KungFu_SwiftUITests.swift */,
				89EB320F1B5A568600854BCC /* Info.plist */,
			);
			path = KungFu_SwiftUITests;
			sourceTree = "<group>";
		};
		D21DDF20BEB908E86C8AB22F /* Frameworks */ = {
			isa = PBXGroup;
			children = (
				71CE4DD863A1ABCE14A2F2A3 /* Pods_KungFu_Swift.framework */,
			);
			name = Frameworks;
			sourceTree = "<group>";
		};
/* End PBXGroup section */

/* Begin PBXNativeTarget section */
		89EB31E91B5A568500854BCC /* KungFu_Swift */ = {
			isa = PBXNativeTarget;
			buildConfigurationList = 89EB32121B5A568600854BCC /* Build configuration list for PBXNativeTarget "KungFu_Swift" */;
			buildPhases = (
				40085B153BCD2C314FE5C03E /* Check Pods Manifest.lock */,
				89EB31E61B5A568500854BCC /* Sources */,
				89EB31E71B5A568500854BCC /* Frameworks */,
				89EB31E81B5A568500854BCC /* Resources */,
				940C15C8A12340E2BCBE1B8B /* Embed Pods Frameworks */,
				3334FAF4B34A82E1BADA363E /* Copy Pods Resources */,
			);
			buildRules = (
			);
			dependencies = (
			);
			name = KungFu_Swift;
			productName = KungFu_Swift;
			productReference = 89EB31EA1B5A568500854BCC /* KungFu_Swift.app */;
			productType = "com.apple.product-type.application";
		};
		89EB31FD1B5A568600854BCC /* KungFu_SwiftTests */ = {
			isa = PBXNativeTarget;
			buildConfigurationList = 89EB32151B5A568600854BCC /* Build configuration list for PBXNativeTarget "KungFu_SwiftTests" */;
			buildPhases = (
				89EB31FA1B5A568600854BCC /* Sources */,
				89EB31FB1B5A568600854BCC /* Frameworks */,
				89EB31FC1B5A568600854BCC /* Resources */,
			);
			buildRules = (
			);
			dependencies = (
				89EB32001B5A568600854BCC /* PBXTargetDependency */,
			);
			name = KungFu_SwiftTests;
			productName = KungFu_SwiftTests;
			productReference = 89EB31FE1B5A568600854BCC /* KungFu_SwiftTests.xctest */;
			productType = "com.apple.product-type.bundle.unit-test";
		};
		89EB32081B5A568600854BCC /* KungFu_SwiftUITests */ = {
			isa = PBXNativeTarget;
			buildConfigurationList = 89EB32181B5A568600854BCC /* Build configuration list for PBXNativeTarget "KungFu_SwiftUITests" */;
			buildPhases = (
				89EB32051B5A568600854BCC /* Sources */,
				89EB32061B5A568600854BCC /* Frameworks */,
				89EB32071B5A568600854BCC /* Resources */,
			);
			buildRules = (
			);
			dependencies = (
				89EB320B1B5A568600854BCC /* PBXTargetDependency */,
			);
			name = KungFu_SwiftUITests;
			productName = KungFu_SwiftUITests;
			productReference = 89EB32091B5A568600854BCC /* KungFu_SwiftUITests.xctest */;
			productType = "com.apple.product-type.bundle.ui-testing";
		};
/* End PBXNativeTarget section */

/* Begin PBXProject section */
		89EB31E21B5A568500854BCC /* Project object */ = {
			isa = PBXProject;
			attributes = {
				LastSwiftUpdateCheck = 0710;
				LastUpgradeCheck = 0700;
				ORGANIZATIONNAME = ChildhoodAndy;
				TargetAttributes = {
					89EB31E91B5A568500854BCC = {
						CreatedOnToolsVersion = 7.0;
						DevelopmentTeam = 6RUU9PN7NF;
					};
					89EB31FD1B5A568600854BCC = {
						CreatedOnToolsVersion = 7.0;
						TestTargetID = 89EB31E91B5A568500854BCC;
					};
					89EB32081B5A568600854BCC = {
						CreatedOnToolsVersion = 7.0;
						TestTargetID = 89EB31E91B5A568500854BCC;
					};
				};
			};
			buildConfigurationList = 89EB31E51B5A568500854BCC /* Build configuration list for PBXProject "KungFu_Swift" */;
			compatibilityVersion = "Xcode 3.2";
			developmentRegion = English;
			hasScannedForEncodings = 0;
			knownRegions = (
				en,
				Base,
			);
			mainGroup = 89EB31E11B5A568400854BCC;
			productRefGroup = 89EB31EB1B5A568500854BCC /* Products */;
			projectDirPath = "";
			projectRoot = "";
			targets = (
				89EB31E91B5A568500854BCC /* KungFu_Swift */,
				89EB31FD1B5A568600854BCC /* KungFu_SwiftTests */,
				89EB32081B5A568600854BCC /* KungFu_SwiftUITests */,
			);
		};
/* End PBXProject section */

/* Begin PBXResourcesBuildPhase section */
		89EB31E81B5A568500854BCC /* Resources */ = {
			isa = PBXResourcesBuildPhase;
			buildActionMask = 2147483647;
			files = (
				89EB31F81B5A568500854BCC /* LaunchScreen.storyboard in Resources */,
				89C27F371B5C8766002733C0 /* SplashLogo.png in Resources */,
				89D616871B7C9B3100EC4AD7 /* UIKItDemoA.storyboard in Resources */,
				89C27F351B5C84F7002733C0 /* Default-568h@2x.png in Resources */,
				89EB31F51B5A568500854BCC /* Assets.xcassets in Resources */,
				89EB31F31B5A568500854BCC /* Main.storyboard in Resources */,
				89A4FA2F1C1727C700DFC1CE /* CFDemoA.storyboard in Resources */,
			);
			runOnlyForDeploymentPostprocessing = 0;
		};
		89EB31FC1B5A568600854BCC /* Resources */ = {
			isa = PBXResourcesBuildPhase;
			buildActionMask = 2147483647;
			files = (
			);
			runOnlyForDeploymentPostprocessing = 0;
		};
		89EB32071B5A568600854BCC /* Resources */ = {
			isa = PBXResourcesBuildPhase;
			buildActionMask = 2147483647;
			files = (
			);
			runOnlyForDeploymentPostprocessing = 0;
		};
/* End PBXResourcesBuildPhase section */

/* Begin PBXShellScriptBuildPhase section */
		3334FAF4B34A82E1BADA363E /* Copy Pods Resources */ = {
			isa = PBXShellScriptBuildPhase;
			buildActionMask = 2147483647;
			files = (
			);
			inputPaths = (
			);
			name = "Copy Pods Resources";
			outputPaths = (
			);
			runOnlyForDeploymentPostprocessing = 0;
			shellPath = /bin/sh;
			shellScript = "\"${SRCROOT}/Pods/Target Support Files/Pods-KungFu_Swift/Pods-KungFu_Swift-resources.sh\"\n";
			showEnvVarsInLog = 0;
		};
		40085B153BCD2C314FE5C03E /* Check Pods Manifest.lock */ = {
			isa = PBXShellScriptBuildPhase;
			buildActionMask = 2147483647;
			files = (
			);
			inputPaths = (
			);
			name = "Check Pods Manifest.lock";
			outputPaths = (
			);
			runOnlyForDeploymentPostprocessing = 0;
			shellPath = /bin/sh;
			shellScript = "diff \"${PODS_ROOT}/../Podfile.lock\" \"${PODS_ROOT}/Manifest.lock\" > /dev/null\nif [[ $? != 0 ]] ; then\n    cat << EOM\nerror: The sandbox is not in sync with the Podfile.lock. Run 'pod install' or update your CocoaPods installation.\nEOM\n    exit 1\nfi\n";
			showEnvVarsInLog = 0;
		};
		940C15C8A12340E2BCBE1B8B /* Embed Pods Frameworks */ = {
			isa = PBXShellScriptBuildPhase;
			buildActionMask = 2147483647;
			files = (
			);
			inputPaths = (
			);
			name = "Embed Pods Frameworks";
			outputPaths = (
			);
			runOnlyForDeploymentPostprocessing = 0;
			shellPath = /bin/sh;
			shellScript = "\"${SRCROOT}/Pods/Target Support Files/Pods-KungFu_Swift/Pods-KungFu_Swift-frameworks.sh\"\n";
			showEnvVarsInLog = 0;
		};
/* End PBXShellScriptBuildPhase section */

/* Begin PBXSourcesBuildPhase section */
		89EB31E61B5A568500854BCC /* Sources */ = {
			isa = PBXSourcesBuildPhase;
			buildActionMask = 2147483647;
			files = (
				89D6168E1B7DC92C00EC4AD7 /* UIView+IBInspectable.swift in Sources */,
				897476761C1CF5B000D53697 /* RealmTestController.swift in Sources */,
				89D616851B7C9AC600EC4AD7 /* IBDesignableDemoViewController.swift in Sources */,
				89D616921B7DCB1900EC4AD7 /* Double.swift in Sources */,
				89C27F391B5C88CC002733C0 /* DemoViewController.swift in Sources */,
				89A4FA311C1727E500DFC1CE /* BridgeOcController.swift in Sources */,
				89D616901B7DC99200EC4AD7 /* Int.swift in Sources */,
				897074F71C172063005A4A33 /* Bool.swift in Sources */,
				89A4FA351C17280E00DFC1CE /* MyOcClass.m in Sources */,
				89EB31F01B5A568500854BCC /* ViewController.swift in Sources */,
				89C27F3B1B5C8A24002733C0 /* DemoConst.swift in Sources */,
				89EB31EE1B5A568500854BCC /* AppDelegate.swift in Sources */,
			);
			runOnlyForDeploymentPostprocessing = 0;
		};
		89EB31FA1B5A568600854BCC /* Sources */ = {
			isa = PBXSourcesBuildPhase;
			buildActionMask = 2147483647;
			files = (
				89EB32031B5A568600854BCC /* KungFu_SwiftTests.swift in Sources */,
			);
			runOnlyForDeploymentPostprocessing = 0;
		};
		89EB32051B5A568600854BCC /* Sources */ = {
			isa = PBXSourcesBuildPhase;
			buildActionMask = 2147483647;
			files = (
				89EB320E1B5A568600854BCC /* KungFu_SwiftUITests.swift in Sources */,
			);
			runOnlyForDeploymentPostprocessing = 0;
		};
/* End PBXSourcesBuildPhase section */

/* Begin PBXTargetDependency section */
		89EB32001B5A568600854BCC /* PBXTargetDependency */ = {
			isa = PBXTargetDependency;
			target = 89EB31E91B5A568500854BCC /* KungFu_Swift */;
			targetProxy = 89EB31FF1B5A568600854BCC /* PBXContainerItemProxy */;
		};
		89EB320B1B5A568600854BCC /* PBXTargetDependency */ = {
			isa = PBXTargetDependency;
			target = 89EB31E91B5A568500854BCC /* KungFu_Swift */;
			targetProxy = 89EB320A1B5A568600854BCC /* PBXContainerItemProxy */;
		};
/* End PBXTargetDependency section */

/* Begin PBXVariantGroup section */
		89EB31F11B5A568500854BCC /* Main.storyboard */ = {
			isa = PBXVariantGroup;
			children = (
				89EB31F21B5A568500854BCC /* Base */,
			);
			name = Main.storyboard;
			sourceTree = "<group>";
		};
		89EB31F61B5A568500854BCC /* LaunchScreen.storyboard */ = {
			isa = PBXVariantGroup;
			children = (
				89EB31F71B5A568500854BCC /* Base */,
			);
			name = LaunchScreen.storyboard;
			sourceTree = "<group>";
		};
/* End PBXVariantGroup section */

/* Begin XCBuildConfiguration section */
		89EB32101B5A568600854BCC /* Debug */ = {
			isa = XCBuildConfiguration;
			buildSettings = {
				ALWAYS_SEARCH_USER_PATHS = NO;
				CLANG_CXX_LANGUAGE_STANDARD = "gnu++0x";
				CLANG_CXX_LIBRARY = "libc++";
				CLANG_ENABLE_MODULES = YES;
				CLANG_ENABLE_OBJC_ARC = YES;
				CLANG_WARN_BOOL_CONVERSION = YES;
				CLANG_WARN_CONSTANT_CONVERSION = YES;
				CLANG_WARN_DIRECT_OBJC_ISA_USAGE = YES_ERROR;
				CLANG_WARN_EMPTY_BODY = YES;
				CLANG_WARN_ENUM_CONVERSION = YES;
				CLANG_WARN_INT_CONVERSION = YES;
				CLANG_WARN_OBJC_ROOT_CLASS = YES_ERROR;
				CLANG_WARN_UNREACHABLE_CODE = YES;
				CLANG_WARN__DUPLICATE_METHOD_MATCH = YES;
				"CODE_SIGN_IDENTITY[sdk=iphoneos*]" = "iPhone Developer";
				COPY_PHASE_STRIP = NO;
				DEBUG_INFORMATION_FORMAT = dwarf;
				ENABLE_STRICT_OBJC_MSGSEND = YES;
				ENABLE_TESTABILITY = YES;
				GCC_C_LANGUAGE_STANDARD = gnu99;
				GCC_DYNAMIC_NO_PIC = NO;
				GCC_NO_COMMON_BLOCKS = YES;
				GCC_OPTIMIZATION_LEVEL = 0;
				GCC_PREPROCESSOR_DEFINITIONS = (
					"DEBUG=1",
					"$(inherited)",
				);
				GCC_WARN_64_TO_32_BIT_CONVERSION = YES;
				GCC_WARN_ABOUT_RETURN_TYPE = YES_ERROR;
				GCC_WARN_UNDECLARED_SELECTOR = YES;
				GCC_WARN_UNINITIALIZED_AUTOS = YES_AGGRESSIVE;
				GCC_WARN_UNUSED_FUNCTION = YES;
				GCC_WARN_UNUSED_VARIABLE = YES;
				IPHONEOS_DEPLOYMENT_TARGET = 9.0;
				MTL_ENABLE_DEBUG_INFO = YES;
				ONLY_ACTIVE_ARCH = YES;
				SDKROOT = iphoneos;
				SWIFT_OPTIMIZATION_LEVEL = "-Onone";
				TARGETED_DEVICE_FAMILY = "1,2";
			};
			name = Debug;
		};
		89EB32111B5A568600854BCC /* Release */ = {
			isa = XCBuildConfiguration;
			buildSettings = {
				ALWAYS_SEARCH_USER_PATHS = NO;
				CLANG_CXX_LANGUAGE_STANDARD = "gnu++0x";
				CLANG_CXX_LIBRARY = "libc++";
				CLANG_ENABLE_MODULES = YES;
				CLANG_ENABLE_OBJC_ARC = YES;
				CLANG_WARN_BOOL_CONVERSION = YES;
				CLANG_WARN_CONSTANT_CONVERSION = YES;
				CLANG_WARN_DIRECT_OBJC_ISA_USAGE = YES_ERROR;
				CLANG_WARN_EMPTY_BODY = YES;
				CLANG_WARN_ENUM_CONVERSION = YES;
				CLANG_WARN_INT_CONVERSION = YES;
				CLANG_WARN_OBJC_ROOT_CLASS = YES_ERROR;
				CLANG_WARN_UNREACHABLE_CODE = YES;
				CLANG_WARN__DUPLICATE_METHOD_MATCH = YES;
				"CODE_SIGN_IDENTITY[sdk=iphoneos*]" = "iPhone Developer";
				COPY_PHASE_STRIP = NO;
				DEBUG_INFORMATION_FORMAT = "dwarf-with-dsym";
				ENABLE_NS_ASSERTIONS = NO;
				ENABLE_STRICT_OBJC_MSGSEND = YES;
				GCC_C_LANGUAGE_STANDARD = gnu99;
				GCC_NO_COMMON_BLOCKS = YES;
				GCC_WARN_64_TO_32_BIT_CONVERSION = YES;
				GCC_WARN_ABOUT_RETURN_TYPE = YES_ERROR;
				GCC_WARN_UNDECLARED_SELECTOR = YES;
				GCC_WARN_UNINITIALIZED_AUTOS = YES_AGGRESSIVE;
				GCC_WARN_UNUSED_FUNCTION = YES;
				GCC_WARN_UNUSED_VARIABLE = YES;
				IPHONEOS_DEPLOYMENT_TARGET = 9.0;
				MTL_ENABLE_DEBUG_INFO = NO;
				SDKROOT = iphoneos;
				TARGETED_DEVICE_FAMILY = "1,2";
				VALIDATE_PRODUCT = YES;
			};
			name = Release;
		};
		89EB32131B5A568600854BCC /* Debug */ = {
			isa = XCBuildConfiguration;
			baseConfigurationReference = 0F95E0831DFE27D088221EF3 /* Pods-KungFu_Swift.debug.xcconfig */;
			buildSettings = {
				ASSETCATALOG_COMPILER_APPICON_NAME = AppIcon;
				ASSETCATALOG_COMPILER_LAUNCHIMAGE_NAME = LaunchImage;
				CLANG_CXX_LIBRARY = "libstdc++";
				CLANG_ENABLE_MODULES = YES;
				CODE_SIGN_IDENTITY = "iPhone Developer";
				ENABLE_BITCODE = NO;
				FRAMEWORK_SEARCH_PATHS = (
					"$(inherited)",
					"$(PROJECT_DIR)",
					"$(PROJECT_DIR)/KungFu_Swift/Frameworks",
				);
				INFOPLIST_FILE = KungFu_Swift/Info.plist;
				IPHONEOS_DEPLOYMENT_TARGET = 8.0;
				LD_RUNPATH_SEARCH_PATHS = "$(inherited) @executable_path/Frameworks";
				LIBRARY_SEARCH_PATHS = (
					"$(inherited)",
					"$(PROJECT_DIR)",
				);
				PRODUCT_BUNDLE_IDENTIFIER = "com.sketchingame.KungFu-Swift";
				PRODUCT_NAME = "$(TARGET_NAME)";
				SWIFT_OBJC_BRIDGING_HEADER = "KungFu_Swift/CoreFoundation/KungFu_Swift-Bridging-Header.h";
				SWIFT_OPTIMIZATION_LEVEL = "-Onone";
			};
			name = Debug;
		};
		89EB32141B5A568600854BCC /* Release */ = {
			isa = XCBuildConfiguration;
			baseConfigurationReference = 9A6A7A9AE537B8FB225FB990 /* Pods-KungFu_Swift.release.xcconfig */;
			buildSettings = {
				ASSETCATALOG_COMPILER_APPICON_NAME = AppIcon;
				ASSETCATALOG_COMPILER_LAUNCHIMAGE_NAME = LaunchImage;
				CLANG_CXX_LIBRARY = "libstdc++";
				CLANG_ENABLE_MODULES = YES;
				CODE_SIGN_IDENTITY = "iPhone Developer";
				ENABLE_BITCODE = NO;
				FRAMEWORK_SEARCH_PATHS = (
					"$(inherited)",
					"$(PROJECT_DIR)",
					"$(PROJECT_DIR)/KungFu_Swift/Frameworks",
				);
				INFOPLIST_FILE = KungFu_Swift/Info.plist;
				IPHONEOS_DEPLOYMENT_TARGET = 8.0;
				LD_RUNPATH_SEARCH_PATHS = "$(inherited) @executable_path/Frameworks";
				LIBRARY_SEARCH_PATHS = (
					"$(inherited)",
					"$(PROJECT_DIR)",
				);
				PRODUCT_BUNDLE_IDENTIFIER = "com.sketchingame.KungFu-Swift";
				PRODUCT_NAME = "$(TARGET_NAME)";
				SWIFT_OBJC_BRIDGING_HEADER = "KungFu_Swift/CoreFoundation/KungFu_Swift-Bridging-Header.h";
			};
			name = Release;
		};
		89EB32161B5A568600854BCC /* Debug */ = {
			isa = XCBuildConfiguration;
			baseConfigurationReference = 0F95E0831DFE27D088221EF3 /* Pods-KungFu_Swift.debug.xcconfig */;
			buildSettings = {
				BUNDLE_LOADER = "$(TEST_HOST)";
				INFOPLIST_FILE = KungFu_SwiftTests/Info.plist;
				LD_RUNPATH_SEARCH_PATHS = "$(inherited) @executable_path/Frameworks @loader_path/Frameworks";
				PRODUCT_BUNDLE_IDENTIFIER = "com.sketchingame.KungFu-SwiftTests";
				PRODUCT_NAME = "$(TARGET_NAME)";
				TEST_HOST = "$(BUILT_PRODUCTS_DIR)/KungFu_Swift.app/KungFu_Swift";
			};
			name = Debug;
		};
		89EB32171B5A568600854BCC /* Release */ = {
			isa = XCBuildConfiguration;
			baseConfigurationReference = 9A6A7A9AE537B8FB225FB990 /* Pods-KungFu_Swift.release.xcconfig */;
			buildSettings = {
				BUNDLE_LOADER = "$(TEST_HOST)";
				INFOPLIST_FILE = KungFu_SwiftTests/Info.plist;
				LD_RUNPATH_SEARCH_PATHS = "$(inherited) @executable_path/Frameworks @loader_path/Frameworks";
				PRODUCT_BUNDLE_IDENTIFIER = "com.sketchingame.KungFu-SwiftTests";
				PRODUCT_NAME = "$(TARGET_NAME)";
				TEST_HOST = "$(BUILT_PRODUCTS_DIR)/KungFu_Swift.app/KungFu_Swift";
			};
			name = Release;
		};
		89EB32191B5A568600854BCC /* Debug */ = {
			isa = XCBuildConfiguration;
			baseConfigurationReference = 0F95E0831DFE27D088221EF3 /* Pods-KungFu_Swift.debug.xcconfig */;
			buildSettings = {
				INFOPLIST_FILE = KungFu_SwiftUITests/Info.plist;
				LD_RUNPATH_SEARCH_PATHS = "$(inherited) @executable_path/Frameworks @loader_path/Frameworks";
				PRODUCT_BUNDLE_IDENTIFIER = "com.sketchingame.KungFu-SwiftUITests";
				PRODUCT_NAME = "$(TARGET_NAME)";
				TEST_TARGET_NAME = KungFu_Swift;
				USES_XCTRUNNER = YES;
			};
			name = Debug;
		};
		89EB321A1B5A568600854BCC /* Release */ = {
			isa = XCBuildConfiguration;
			baseConfigurationReference = 9A6A7A9AE537B8FB225FB990 /* Pods-KungFu_Swift.release.xcconfig */;
			buildSettings = {
				INFOPLIST_FILE = KungFu_SwiftUITests/Info.plist;
				LD_RUNPATH_SEARCH_PATHS = "$(inherited) @executable_path/Frameworks @loader_path/Frameworks";
				PRODUCT_BUNDLE_IDENTIFIER = "com.sketchingame.KungFu-SwiftUITests";
				PRODUCT_NAME = "$(TARGET_NAME)";
				TEST_TARGET_NAME = KungFu_Swift;
				USES_XCTRUNNER = YES;
			};
			name = Release;
		};
/* End XCBuildConfiguration section */

/* Begin XCConfigurationList section */
		89EB31E51B5A568500854BCC /* Build configuration list for PBXProject "KungFu_Swift" */ = {
			isa = XCConfigurationList;
			buildConfigurations = (
				89EB32101B5A568600854BCC /* Debug */,
				89EB32111B5A568600854BCC /* Release */,
			);
			defaultConfigurationIsVisible = 0;
			defaultConfigurationName = Release;
		};
		89EB32121B5A568600854BCC /* Build configuration list for PBXNativeTarget "KungFu_Swift" */ = {
			isa = XCConfigurationList;
			buildConfigurations = (
				89EB32131B5A568600854BCC /* Debug */,
				89EB32141B5A568600854BCC /* Release */,
			);
			defaultConfigurationIsVisible = 0;
			defaultConfigurationName = Release;
		};
		89EB32151B5A568600854BCC /* Build configuration list for PBXNativeTarget "KungFu_SwiftTests" */ = {
			isa = XCConfigurationList;
			buildConfigurations = (
				89EB32161B5A568600854BCC /* Debug */,
				89EB32171B5A568600854BCC /* Release */,
			);
			defaultConfigurationIsVisible = 0;
			defaultConfigurationName = Release;
		};
		89EB32181B5A568600854BCC /* Build configuration list for PBXNativeTarget "KungFu_SwiftUITests" */ = {
			isa = XCConfigurationList;
			buildConfigurations = (
				89EB32191B5A568600854BCC /* Debug */,
				89EB321A1B5A568600854BCC /* Release */,
			);
			defaultConfigurationIsVisible = 0;
			defaultConfigurationName = Release;
		};
/* End XCConfigurationList section */
	};
	rootObject = 89EB31E21B5A568500854BCC /* Project object */;
}
