// !$*UTF8*$!
{
	archiveVersion = 1;
	classes = {
	};
	objectVersion = 46;
	objects = {

/* Begin PBXBuildFile section */
		89EB31EE1B5A568500854BCC /* AppDelegate.swift in Sources */ = {isa = PBXBuildFile; fileRef = 89EB31ED1B5A568500854BCC /* AppDelegate.swift */; };
		89EB31F01B5A568500854BCC /* ViewController.swift in Sources */ = {isa = PBXBuildFile; fileRef = 89EB31EF1B5A568500854BCC /* ViewController.swift */; };
		89EB31F31B5A568500854BCC /* Main.storyboard in Resources */ = {isa = PBXBuildFile; fileRef = 89EB31F11B5A568500854BCC /* Main.storyboard */; };
		89EB31F51B5A568500854BCC /* Assets.xcassets in Resources */ = {isa = PBXBuildFile; fileRef = 89EB31F41B5A568500854BCC /* Assets.xcassets */; };
		89EB31F81B5A568500854BCC /* LaunchScreen.storyboard in Resources */ = {isa = PBXBuildFile; fileRef = 89EB31F61B5A568500854BCC /* LaunchScreen.storyboard */; };
		89EB32031B5A568600854BCC /* KungFu_SwiftTests.swift in Sources */ = {isa = PBXBuildFile; fileRef = 89EB32021B5A568600854BCC /* KungFu_SwiftTests.swift */; };
		89EB320E1B5A568600854BCC /* KungFu_SwiftUITests.swift in Sources */ = {isa = PBXBuildFile; fileRef = 89EB320D1B5A568600854BCC /* KungFu_SwiftUITests.swift */; };
/* End PBXBuildFile section */

/* Begin PBXContainerItemProxy section */
		89EB31FF1B5A568600854BCC /* PBXContainerItemProxy */ = {
			isa = PBXContainerItemProxy;
			containerPortal = 89EB31E21B5A568500854BCC /* Project object */;
			proxyType = 1;
			remoteGlobalIDString = 89EB31E91B5A568500854BCC;
			remoteInfo = KungFu_Swift;
		};
		89EB320A1B5A568600854BCC /* PBXContainerItemProxy */ = {
			isa = PBXContainerItemProxy;
			containerPortal = 89EB31E21B5A568500854BCC /* Project object */;
			proxyType = 1;
			remoteGlobalIDString = 89EB31E91B5A568500854BCC;
			remoteInfo = KungFu_Swift;
		};
/* End PBXContainerItemProxy section */

/* Begin PBXFileReference section */
		89EB31EA1B5A568500854BCC /* KungFu_Swift.app */ = {isa = PBXFileReference; explicitFileType = wrapper.application; includeInIndex = 0; path = KungFu_Swift.app; sourceTree = BUILT_PRODUCTS_DIR; };
		89EB31ED1B5A568500854BCC /* AppDelegate.swift */ = {isa = PBXFileReference; lastKnownFileType = sourcecode.swift; path = AppDelegate.swift; sourceTree = "<group>"; };
		89EB31EF1B5A568500854BCC /* ViewController.swift */ = {isa = PBXFileReference; lastKnownFileType = sourcecode.swift; path = ViewController.swift; sourceTree = "<group>"; };
		89EB31F21B5A568500854BCC /* Base */ = {isa = PBXFileReference; lastKnownFileType = file.storyboard; name = Base; path = Base.lproj/Main.storyboard; sourceTree = "<group>"; };
		89EB31F41B5A568500854BCC /* Assets.xcassets */ = {isa = PBXFileReference; lastKnownFileType = folder.assetcatalog; path = Assets.xcassets; sourceTree = "<group>"; };
		89EB31F71B5A568500854BCC /* Base */ = {isa = PBXFileReference; lastKnownFileType = file.storyboard; name = Base; path = Base.lproj/LaunchScreen.storyboard; sourceTree = "<group>"; };
		89EB31F91B5A568500854BCC /* Info.plist */ = {isa = PBXFileReference; lastKnownFileType = text.plist.xml; path = Info.plist; sourceTree = "<group>"; };
		89EB31FE1B5A568600854BCC /* KungFu_SwiftTests.xctest */ = {isa = PBXFileReference; explicitFileType = wrapper.cfbundle; includeInIndex = 0; path = KungFu_SwiftTests.xctest; sourceTree = BUILT_PRODUCTS_DIR; };
		89EB32021B5A568600854BCC /* KungFu_SwiftTests.swift */ = {isa = PBXFileReference; lastKnownFileType = sourcecode.swift; path = KungFu_SwiftTests.swift; sourceTree = "<group>"; };
		89EB32041B5A568600854BCC /* Info.plist */ = {isa = PBXFileReference; lastKnownFileType = text.plist.xml; path = Info.plist; sourceTree = "<group>"; };
		89EB32091B5A568600854BCC /* KungFu_SwiftUITests.xctest */ = {isa = PBXFileReference; explicitFileType = wrapper.cfbundle; includeInIndex = 0; path = KungFu_SwiftUITests.xctest; sourceTree = BUILT_PRODUCTS_DIR; };
		89EB320D1B5A568600854BCC /* KungFu_SwiftUITests.swift */ = {isa = PBXFileReference; lastKnownFileType = sourcecode.swift; path = KungFu_SwiftUITests.swift; sourceTree = "<group>"; };
		89EB320F1B5A568600854BCC /* Info.plist */ = {isa = PBXFileReference; lastKnownFileType = text.plist.xml; path = Info.plist; sourceTree = "<group>"; };
/* End PBXFileReference section */

/* Begin PBXFrameworksBuildPhase section */
		89EB31E71B5A568500854BCC /* Frameworks */ = {
			isa = PBXFrameworksBuildPhase;
			buildActionMask = 2147483647;
			files = (
			);
			runOnlyForDeploymentPostprocessing = 0;
		};
		89EB31FB1B5A568600854BCC /* Frameworks */ = {
			isa = PBXFrameworksBuildPhase;
			buildActionMask = 2147483647;
			files = (
			);
			runOnlyForDeploymentPostprocessing = 0;
		};
		89EB32061B5A568600854BCC /* Frameworks */ = {
			isa = PBXFrameworksBuildPhase;
			buildActionMask = 2147483647;
			files = (
			);
			runOnlyForDeploymentPostprocessing = 0;
		};
/* End PBXFrameworksBuildPhase section */

/* Begin PBXGroup section */
		89EB31E11B5A568400854BCC = {
			isa = PBXGroup;
			children = (
				89EB31EC1B5A568500854BCC /* KungFu_Swift */,
				89EB32011B5A568600854BCC /* KungFu_SwiftTests */,
				89EB320C1B5A568600854BCC /* KungFu_SwiftUITests */,
				89EB31EB1B5A568500854BCC /* Products */,
			);
			sourceTree = "<group>";
		};
		89EB31EB1B5A568500854BCC /* Products */ = {
			isa = PBXGroup;
			children = (
				89EB31EA1B5A568500854BCC /* KungFu_Swift.app */,
				89EB31FE1B5A568600854BCC /* KungFu_SwiftTests.xctest */,
				89EB32091B5A568600854BCC /* KungFu_SwiftUITests.xctest */,
			);
			name = Products;
			sourceTree = "<group>";
		};
		89EB31EC1B5A568500854BCC /* KungFu_Swift */ = {
			isa = PBXGroup;
			children = (
				89EB31ED1B5A568500854BCC /* AppDelegate.swift */,
				89EB31EF1B5A568500854BCC /* ViewController.swift */,
				89EB31F11B5A568500854BCC /* Main.storyboard */,
				89EB31F41B5A568500854BCC /* Assets.xcassets */,
				89EB31F61B5A568500854BCC /* LaunchScreen.storyboard */,
				89EB31F91B5A568500854BCC /* Info.plist */,
			);
			path = KungFu_Swift;
			sourceTree = "<group>";
		};
		89EB32011B5A568600854BCC /* KungFu_SwiftTests */ = {
			isa = PBXGroup;
			children = (
				89EB32021B5A568600854BCC /* KungFu_SwiftTests.swift */,
				89EB32041B5A568600854BCC /* Info.plist */,
			);
			path = KungFu_SwiftTests;
			sourceTree = "<group>";
		};
		89EB320C1B5A568600854BCC /* KungFu_SwiftUITests */ = {
			isa = PBXGroup;
			children = (
				89EB320D1B5A568600854BCC /* KungFu_SwiftUITests.swift */,
				89EB320F1B5A568600854BCC /* Info.plist */,
			);
			path = KungFu_SwiftUITests;
			sourceTree = "<group>";
		};
/* End PBXGroup section */

/* Begin PBXNativeTarget section */
		89EB31E91B5A568500854BCC /* KungFu_Swift */ = {
			isa = PBXNativeTarget;
			buildConfigurationList = 89EB32121B5A568600854BCC /* Build configuration list for PBXNativeTarget "KungFu_Swift" */;
			buildPhases = (
				89EB31E61B5A568500854BCC /* Sources */,
				89EB31E71B5A568500854BCC /* Frameworks */,
				89EB31E81B5A568500854BCC /* Resources */,
			);
			buildRules = (
			);
			dependencies = (
			);
			name = KungFu_Swift;
			productName = KungFu_Swift;
			productReference = 89EB31EA1B5A568500854BCC /* KungFu_Swift.app */;
			productType = "com.apple.product-type.application";
		};
		89EB31FD1B5A568600854BCC /* KungFu_SwiftTests */ = {
			isa = PBXNativeTarget;
			buildConfigurationList = 89EB32151B5A568600854BCC /* Build configuration list for PBXNativeTarget "KungFu_SwiftTests" */;
			buildPhases = (
				89EB31FA1B5A568600854BCC /* Sources */,
				89EB31FB1B5A568600854BCC /* Frameworks */,
				89EB31FC1B5A568600854BCC /* Resources */,
			);
			buildRules = (
			);
			dependencies = (
				89EB32001B5A568600854BCC /* PBXTargetDependency */,
			);
			name = KungFu_SwiftTests;
			productName = KungFu_SwiftTests;
			productReference = 89EB31FE1B5A568600854BCC /* KungFu_SwiftTests.xctest */;
			productType = "com.apple.product-type.bundle.unit-test";
		};
		89EB32081B5A568600854BCC /* KungFu_SwiftUITests */ = {
			isa = PBXNativeTarget;
			buildConfigurationList = 89EB32181B5A568600854BCC /* Build configuration list for PBXNativeTarget "KungFu_SwiftUITests" */;
			buildPhases = (
				89EB32051B5A568600854BCC /* Sources */,
				89EB32061B5A568600854BCC /* Frameworks */,
				89EB32071B5A568600854BCC /* Resources */,
			);
			buildRules = (
			);
			dependencies = (
				89EB320B1B5A568600854BCC /* PBXTargetDependency */,
			);
			name = KungFu_SwiftUITests;
			productName = KungFu_SwiftUITests;
			productReference = 89EB32091B5A568600854BCC /* KungFu_SwiftUITests.xctest */;
			productType = "com.apple.product-type.bundle.ui-testing";
		};
/* End PBXNativeTarget section */

/* Begin PBXProject section */
		89EB31E21B5A568500854BCC /* Project object */ = {
			isa = PBXProject;
			attributes = {
				LastUpgradeCheck = 0700;
				ORGANIZATIONNAME = ChildhoodAndy;
				TargetAttributes = {
					89EB31E91B5A568500854BCC = {
						CreatedOnToolsVersion = 7.0;
					};
					89EB31FD1B5A568600854BCC = {
						CreatedOnToolsVersion = 7.0;
						TestTargetID = 89EB31E91B5A568500854BCC;
					};
					89EB32081B5A568600854BCC = {
						CreatedOnToolsVersion = 7.0;
						TestTargetID = 89EB31E91B5A568500854BCC;
					};
				};
			};
			buildConfigurationList = 89EB31E51B5A568500854BCC /* Build configuration list for PBXProject "KungFu_Swift" */;
			compatibilityVersion = "Xcode 3.2";
			developmentRegion = English;
			hasScannedForEncodings = 0;
			knownRegions = (
				en,
				Base,
			);
			mainGroup = 89EB31E11B5A568400854BCC;
			productRefGroup = 89EB31EB1B5A568500854BCC /* Products */;
			projectDirPath = "";
			projectRoot = "";
			targets = (
				89EB31E91B5A568500854BCC /* KungFu_Swift */,
				89EB31FD1B5A568600854BCC /* KungFu_SwiftTests */,
				89EB32081B5A568600854BCC /* KungFu_SwiftUITests */,
			);
		};
/* End PBXProject section */

/* Begin PBXResourcesBuildPhase section */
		89EB31E81B5A568500854BCC /* Resources */ = {
			isa = PBXResourcesBuildPhase;
			buildActionMask = 2147483647;
			files = (
				89EB31F81B5A568500854BCC /* LaunchScreen.storyboard in Resources */,
				89EB31F51B5A568500854BCC /* Assets.xcassets in Resources */,
				89EB31F31B5A568500854BCC /* Main.storyboard in Resources */,
			);
			runOnlyForDeploymentPostprocessing = 0;
		};
		89EB31FC1B5A568600854BCC /* Resources */ = {
			isa = PBXResourcesBuildPhase;
			buildActionMask = 2147483647;
			files = (
			);
			runOnlyForDeploymentPostprocessing = 0;
		};
		89EB32071B5A568600854BCC /* Resources */ = {
			isa = PBXResourcesBuildPhase;
			buildActionMask = 2147483647;
			files = (
			);
			runOnlyForDeploymentPostprocessing = 0;
		};
/* End PBXResourcesBuildPhase section */

/* Begin PBXSourcesBuildPhase section */
		89EB31E61B5A568500854BCC /* Sources */ = {
			isa = PBXSourcesBuildPhase;
			buildActionMask = 2147483647;
			files = (
				89EB31F01B5A568500854BCC /* ViewController.swift in Sources */,
				89EB31EE1B5A568500854BCC /* AppDelegate.swift in Sources */,
			);
			runOnlyForDeploymentPostprocessing = 0;
		};
		89EB31FA1B5A568600854BCC /* Sources */ = {
			isa = PBXSourcesBuildPhase;
			buildActionMask = 2147483647;
			files = (
				89EB32031B5A568600854BCC /* KungFu_SwiftTests.swift in Sources */,
			);
			runOnlyForDeploymentPostprocessing = 0;
		};
		89EB32051B5A568600854BCC /* Sources */ = {
			isa = PBXSourcesBuildPhase;
			buildActionMask = 2147483647;
			files = (
				89EB320E1B5A568600854BCC /* KungFu_SwiftUITests.swift in Sources */,
			);
			runOnlyForDeploymentPostprocessing = 0;
		};
/* End PBXSourcesBuildPhase section */

/* Begin PBXTargetDependency section */
		89EB32001B5A568600854BCC /* PBXTargetDependency */ = {
			isa = PBXTargetDependency;
			target = 89EB31E91B5A568500854BCC /* KungFu_Swift */;
			targetProxy = 89EB31FF1B5A568600854BCC /* PBXContainerItemProxy */;
		};
		89EB320B1B5A568600854BCC /* PBXTargetDependency */ = {
			isa = PBXTargetDependency;
			target = 89EB31E91B5A568500854BCC /* KungFu_Swift */;
			targetProxy = 89EB320A1B5A568600854BCC /* PBXContainerItemProxy */;
		};
/* End PBXTargetDependency section */

/* Begin PBXVariantGroup section */
		89EB31F11B5A568500854BCC /* Main.storyboard */ = {
			isa = PBXVariantGroup;
			children = (
				89EB31F21B5A568500854BCC /* Base */,
			);
			name = Main.storyboard;
			sourceTree = "<group>";
		};
		89EB31F61B5A568500854BCC /* LaunchScreen.storyboard */ = {
			isa = PBXVariantGroup;
			children = (
				89EB31F71B5A568500854BCC /* Base */,
			);
			name = LaunchScreen.storyboard;
			sourceTree = "<group>";
		};
/* End PBXVariantGroup section */

/* Begin XCBuildConfiguration section */
		89EB32101B5A568600854BCC /* Debug */ = {
			isa = XCBuildConfiguration;
			buildSettings = {
				ALWAYS_SEARCH_USER_PATHS = NO;
				CLANG_CXX_LANGUAGE_STANDARD = "gnu++0x";
				CLANG_CXX_LIBRARY = "libc++";
				CLANG_ENABLE_MODULES = YES;
				CLANG_ENABLE_OBJC_ARC = YES;
				CLANG_WARN_BOOL_CONVERSION = YES;
				CLANG_WARN_CONSTANT_CONVERSION = YES;
				CLANG_WARN_DIRECT_OBJC_ISA_USAGE = YES_ERROR;
				CLANG_WARN_EMPTY_BODY = YES;
				CLANG_WARN_ENUM_CONVERSION = YES;
				CLANG_WARN_INT_CONVERSION = YES;
				CLANG_WARN_OBJC_ROOT_CLASS = YES_ERROR;
				CLANG_WARN_UNREACHABLE_CODE = YES;
				CLANG_WARN__DUPLICATE_METHOD_MATCH = YES;
				"CODE_SIGN_IDENTITY[sdk=iphoneos*]" = "iPhone Developer";
				COPY_PHASE_STRIP = NO;
				DEBUG_INFORMATION_FORMAT = dwarf;
				ENABLE_STRICT_OBJC_MSGSEND = YES;
				ENABLE_TESTABILITY = YES;
				GCC_C_LANGUAGE_STANDARD = gnu99;
				GCC_DYNAMIC_NO_PIC = NO;
				GCC_NO_COMMON_BLOCKS = YES;
				GCC_OPTIMIZATION_LEVEL = 0;
				GCC_PREPROCESSOR_DEFINITIONS = (
					"DEBUG=1",
					"$(inherited)",
				);
				GCC_WARN_64_TO_32_BIT_CONVERSION = YES;
				GCC_WARN_ABOUT_RETURN_TYPE = YES_ERROR;
				GCC_WARN_UNDECLARED_SELECTOR = YES;
				GCC_WARN_UNINITIALIZED_AUTOS = YES_AGGRESSIVE;
				GCC_WARN_UNUSED_FUNCTION = YES;
				GCC_WARN_UNUSED_VARIABLE = YES;
				IPHONEOS_DEPLOYMENT_TARGET = 9.0;
				MTL_ENABLE_DEBUG_INFO = YES;
				ONLY_ACTIVE_ARCH = YES;
				SDKROOT = iphoneos;
				SWIFT_OPTIMIZATION_LEVEL = "-Onone";
				TARGETED_DEVICE_FAMILY = "1,2";
			};
			name = Debug;
		};
		89EB32111B5A568600854BCC /* Release */ = {
			isa = XCBuildConfiguration;
			buildSettings = {
				ALWAYS_SEARCH_USER_PATHS = NO;
				CLANG_CXX_LANGUAGE_STANDARD = "gnu++0x";
				CLANG_CXX_LIBRARY = "libc++";
				CLANG_ENABLE_MODULES = YES;
				CLANG_ENABLE_OBJC_ARC = YES;
				CLANG_WARN_BOOL_CONVERSION = YES;
				CLANG_WARN_CONSTANT_CONVERSION = YES;
				CLANG_WARN_DIRECT_OBJC_ISA_USAGE = YES_ERROR;
				CLANG_WARN_EMPTY_BODY = YES;
				CLANG_WARN_ENUM_CONVERSION = YES;
				CLANG_WARN_INT_CONVERSION = YES;
				CLANG_WARN_OBJC_ROOT_CLASS = YES_ERROR;
				CLANG_WARN_UNREACHABLE_CODE = YES;
				CLANG_WARN__DUPLICATE_METHOD_MATCH = YES;
				"CODE_SIGN_IDENTITY[sdk=iphoneos*]" = "iPhone Developer";
				COPY_PHASE_STRIP = NO;
				DEBUG_INFORMATION_FORMAT = "dwarf-with-dsym";
				ENABLE_NS_ASSERTIONS = NO;
				ENABLE_STRICT_OBJC_MSGSEND = YES;
				GCC_C_LANGUAGE_STANDARD = gnu99;
				GCC_NO_COMMON_BLOCKS = YES;
				GCC_WARN_64_TO_32_BIT_CONVERSION = YES;
				GCC_WARN_ABOUT_RETURN_TYPE = YES_ERROR;
				GCC_WARN_UNDECLARED_SELECTOR = YES;
				GCC_WARN_UNINITIALIZED_AUTOS = YES_AGGRESSIVE;
				GCC_WARN_UNUSED_FUNCTION = YES;
				GCC_WARN_UNUSED_VARIABLE = YES;
				IPHONEOS_DEPLOYMENT_TARGET = 9.0;
				MTL_ENABLE_DEBUG_INFO = NO;
				SDKROOT = iphoneos;
				TARGETED_DEVICE_FAMILY = "1,2";
				VALIDATE_PRODUCT = YES;
			};
			name = Release;
		};
		89EB32131B5A568600854BCC /* Debug */ = {
			isa = XCBuildConfiguration;
			buildSettings = {
				ASSETCATALOG_COMPILER_APPICON_NAME = AppIcon;
				ASSETCATALOG_COMPILER_LAUNCHIMAGE_NAME = LaunchImage;
				INFOPLIST_FILE = KungFu_Swift/Info.plist;
				IPHONEOS_DEPLOYMENT_TARGET = 7.0;
				LD_RUNPATH_SEARCH_PATHS = "$(inherited) @executable_path/Frameworks";
				PRODUCT_BUNDLE_IDENTIFIER = "com.sketchingame.KungFu-Swift";
				PRODUCT_NAME = "$(TARGET_NAME)";
			};
			name = Debug;
		};
		89EB32141B5A568600854BCC /* Release */ = {
			isa = XCBuildConfiguration;
			buildSettings = {
				ASSETCATALOG_COMPILER_APPICON_NAME = AppIcon;
				ASSETCATALOG_COMPILER_LAUNCHIMAGE_NAME = LaunchImage;
				INFOPLIST_FILE = KungFu_Swift/Info.plist;
				IPHONEOS_DEPLOYMENT_TARGET = 7.0;
				LD_RUNPATH_SEARCH_PATHS = "$(inherited) @executable_path/Frameworks";
				PRODUCT_BUNDLE_IDENTIFIER = "com.sketchingame.KungFu-Swift";
				PRODUCT_NAME = "$(TARGET_NAME)";
			};
			name = Release;
		};
		89EB32161B5A568600854BCC /* Debug */ = {
			isa = XCBuildConfiguration;
			buildSettings = {
				BUNDLE_LOADER = "$(TEST_HOST)";
				INFOPLIST_FILE = KungFu_SwiftTests/Info.plist;
				LD_RUNPATH_SEARCH_PATHS = "$(inherited) @executable_path/Frameworks @loader_path/Frameworks";
				PRODUCT_BUNDLE_IDENTIFIER = "com.sketchingame.KungFu-SwiftTests";
				PRODUCT_NAME = "$(TARGET_NAME)";
				TEST_HOST = "$(BUILT_PRODUCTS_DIR)/KungFu_Swift.app/KungFu_Swift";
			};
			name = Debug;
		};
		89EB32171B5A568600854BCC /* Release */ = {
			isa = XCBuildConfiguration;
			buildSettings = {
				BUNDLE_LOADER = "$(TEST_HOST)";
				INFOPLIST_FILE = KungFu_SwiftTests/Info.plist;
				LD_RUNPATH_SEARCH_PATHS = "$(inherited) @executable_path/Frameworks @loader_path/Frameworks";
				PRODUCT_BUNDLE_IDENTIFIER = "com.sketchingame.KungFu-SwiftTests";
				PRODUCT_NAME = "$(TARGET_NAME)";
				TEST_HOST = "$(BUILT_PRODUCTS_DIR)/KungFu_Swift.app/KungFu_Swift";
			};
			name = Release;
		};
		89EB32191B5A568600854BCC /* Debug */ = {
			isa = XCBuildConfiguration;
			buildSettings = {
				INFOPLIST_FILE = KungFu_SwiftUITests/Info.plist;
				LD_RUNPATH_SEARCH_PATHS = "$(inherited) @executable_path/Frameworks @loader_path/Frameworks";
				PRODUCT_BUNDLE_IDENTIFIER = "com.sketchingame.KungFu-SwiftUITests";
				PRODUCT_NAME = "$(TARGET_NAME)";
				TEST_TARGET_NAME = KungFu_Swift;
				USES_XCTRUNNER = YES;
			};
			name = Debug;
		};
		89EB321A1B5A568600854BCC /* Release */ = {
			isa = XCBuildConfiguration;
			buildSettings = {
				INFOPLIST_FILE = KungFu_SwiftUITests/Info.plist;
				LD_RUNPATH_SEARCH_PATHS = "$(inherited) @executable_path/Frameworks @loader_path/Frameworks";
				PRODUCT_BUNDLE_IDENTIFIER = "com.sketchingame.KungFu-SwiftUITests";
				PRODUCT_NAME = "$(TARGET_NAME)";
				TEST_TARGET_NAME = KungFu_Swift;
				USES_XCTRUNNER = YES;
			};
			name = Release;
		};
/* End XCBuildConfiguration section */

/* Begin XCConfigurationList section */
		89EB31E51B5A568500854BCC /* Build configuration list for PBXProject "KungFu_Swift" */ = {
			isa = XCConfigurationList;
			buildConfigurations = (
				89EB32101B5A568600854BCC /* Debug */,
				89EB32111B5A568600854BCC /* Release */,
			);
			defaultConfigurationIsVisible = 0;
			defaultConfigurationName = Release;
		};
		89EB32121B5A568600854BCC /* Build configuration list for PBXNativeTarget "KungFu_Swift" */ = {
			isa = XCConfigurationList;
			buildConfigurations = (
				89EB32131B5A568600854BCC /* Debug */,
				89EB32141B5A568600854BCC /* Release */,
			);
			defaultConfigurationIsVisible = 0;
		};
		89EB32151B5A568600854BCC /* Build configuration list for PBXNativeTarget "KungFu_SwiftTests" */ = {
			isa = XCConfigurationList;
			buildConfigurations = (
				89EB32161B5A568600854BCC /* Debug */,
				89EB32171B5A568600854BCC /* Release */,
			);
			defaultConfigurationIsVisible = 0;
		};
		89EB32181B5A568600854BCC /* Build configuration list for PBXNativeTarget "KungFu_SwiftUITests" */ = {
			isa = XCConfigurationList;
			buildConfigurations = (
				89EB32191B5A568600854BCC /* Debug */,
				89EB321A1B5A568600854BCC /* Release */,
			);
			defaultConfigurationIsVisible = 0;
		};
/* End XCConfigurationList section */
	};
	rootObject = 89EB31E21B5A568500854BCC /* Project object */;
}
